
Microsoft Visual Studio Solution File, Format Version 12.00
# Visual Studio Version 16
VisualStudioVersion = 16.0.31129.286
MinimumVisualStudioVersion = 10.0.40219.1
Project("{FAE04EC0-301F-11D3-BF4B-00C04F79EFBC}") = "ClassLibrary1", "ClassLibrary1\ClassLibrary1.csproj", "{2661E565-9A8E-4302-85AA-07915B405CD1}"
EndProject
Project("{FAE04EC0-301F-11D3-BF4B-00C04F79EFBC}") = "ConsoleApp1", "ConsoleApp1\ConsoleApp1.csproj", "{17F1AC4A-D8CA-44D1-BEB7-0085D617C595}"
EndProject
Project("{FAE04EC0-301F-11D3-BF4B-00C04F79EFBC}") = "BusinessLogicLayer", "BusinessLogicLayer\BusinessLogicLayer.csproj", "{9165C258-719D-4D63-869E-9AE7ACEAF2B2}"
EndProject
Project("{FAE04EC0-301F-11D3-BF4B-00C04F79EFBC}") = "TestBLL", "TestBLL\TestBLL.csproj", "{92981DFA-3BFE-4FC6-BCF5-A7EAC016E7FD}"
EndProject
Project("{FAE04EC0-301F-11D3-BF4B-00C04F79EFBC}") = "ClientLourd", "ClientLourd\ClientLourd.csproj", "{A3772D2B-CFC7-414A-BF04-5A414A0F2B7D}"
EndProject
Project("{FAE04EC0-301F-11D3-BF4B-00C04F79EFBC}") = "ASP.NETMVC", "ASP.NETMVC\ASP.NETMVC.csproj", "{9FE1922E-F972-4338-ABA6-F4B2E5D1CF7C}"
EndProject
Global
	GlobalSection(SolutionConfigurationPlatforms) = preSolution
		Debug|Any CPU = Debug|Any CPU
		Release|Any CPU = Release|Any CPU
	EndGlobalSection
	GlobalSection(ProjectConfigurationPlatforms) = postSolution
		{2661E565-9A8E-4302-85AA-07915B405CD1}.Debug|Any CPU.ActiveCfg = Debug|Any CPU
		{2661E565-9A8E-4302-85AA-07915B405CD1}.Debug|Any CPU.Build.0 = Debug|Any CPU
		{2661E565-9A8E-4302-85AA-07915B405CD1}.Release|Any CPU.ActiveCfg = Release|Any CPU
		{2661E565-9A8E-4302-85AA-07915B405CD1}.Release|Any CPU.Build.0 = Release|Any CPU
		{17F1AC4A-D8CA-44D1-BEB7-0085D617C595}.Debug|Any CPU.ActiveCfg = Debug|Any CPU
		{17F1AC4A-D8CA-44D1-BEB7-0085D617C595}.Debug|Any CPU.Build.0 = Debug|Any CPU
		{17F1AC4A-D8CA-44D1-BEB7-0085D617C595}.Release|Any CPU.ActiveCfg = Release|Any CPU
		{17F1AC4A-D8CA-44D1-BEB7-0085D617C595}.Release|Any CPU.Build.0 = Release|Any CPU
		{9165C258-719D-4D63-869E-9AE7ACEAF2B2}.Debug|Any CPU.ActiveCfg = Debug|Any CPU
		{9165C258-719D-4D63-869E-9AE7ACEAF2B2}.Debug|Any CPU.Build.0 = Debug|Any CPU
		{9165C258-719D-4D63-869E-9AE7ACEAF2B2}.Release|Any CPU.ActiveCfg = Release|Any CPU
		{9165C258-719D-4D63-869E-9AE7ACEAF2B2}.Release|Any CPU.Build.0 = Release|Any CPU
		{92981DFA-3BFE-4FC6-BCF5-A7EAC016E7FD}.Debug|Any CPU.ActiveCfg = Debug|Any CPU
		{92981DFA-3BFE-4FC6-BCF5-A7EAC016E7FD}.Debug|Any CPU.Build.0 = Debug|Any CPU
		{92981DFA-3BFE-4FC6-BCF5-A7EAC016E7FD}.Release|Any CPU.ActiveCfg = Release|Any CPU
		{92981DFA-3BFE-4FC6-BCF5-A7EAC016E7FD}.Release|Any CPU.Build.0 = Release|Any CPU
		{A3772D2B-CFC7-414A-BF04-5A414A0F2B7D}.Debug|Any CPU.ActiveCfg = Debug|Any CPU
		{A3772D2B-CFC7-414A-BF04-5A414A0F2B7D}.Debug|Any CPU.Build.0 = Debug|Any CPU
		{A3772D2B-CFC7-414A-BF04-5A414A0F2B7D}.Release|Any CPU.ActiveCfg = Release|Any CPU
		{A3772D2B-CFC7-414A-BF04-5A414A0F2B7D}.Release|Any CPU.Build.0 = Release|Any CPU
		{9FE1922E-F972-4338-ABA6-F4B2E5D1CF7C}.Debug|Any CPU.ActiveCfg = Debug|Any CPU
		{9FE1922E-F972-4338-ABA6-F4B2E5D1CF7C}.Debug|Any CPU.Build.0 = Debug|Any CPU
		{9FE1922E-F972-4338-ABA6-F4B2E5D1CF7C}.Release|Any CPU.ActiveCfg = Release|Any CPU
		{9FE1922E-F972-4338-ABA6-F4B2E5D1CF7C}.Release|Any CPU.Build.0 = Release|Any CPU
	EndGlobalSection
	GlobalSection(SolutionProperties) = preSolution
		HideSolutionNode = FALSE
	EndGlobalSection
	GlobalSection(ExtensibilityGlobals) = postSolution
		SolutionGuid = {FD9C565E-367E-4A5E-B8E4-037C9F542631}
	EndGlobalSection
EndGlobal
